
Microsoft Visual Studio Solution File, Format Version 12.00
# Visual Studio 2013
VisualStudioVersion = 12.0.30501.0
MinimumVisualStudioVersion = 10.0.40219.1
Project("{FAE04EC0-301F-11D3-BF4B-00C04F79EFBC}") = "Twitty", "Twitty\Twitty.csproj", "{A7794DBD-071F-4609-B800-2FC145F53DCE}"
EndProject
Project("{FAE04EC0-301F-11D3-BF4B-00C04F79EFBC}") = "UserClient", "UserClient\UserClient.csproj", "{AB45E039-600E-460A-A14F-659FB667A248}"
EndProject
Project("{FAE04EC0-301F-11D3-BF4B-00C04F79EFBC}") = "Test1", "Test1\Test1.csproj", "{11FD7E64-BCC5-48F5-9B8F-0C28B36FA54F}"
EndProject
Project("{FAE04EC0-301F-11D3-BF4B-00C04F79EFBC}") = "test3", "test3\test3.csproj", "{CFA899E7-5962-43BD-8B2F-EB5C1C770E8A}"
EndProject
Project("{FAE04EC0-301F-11D3-BF4B-00C04F79EFBC}") = "TwitterClient", "TwitterClient\TwitterClient.csproj", "{E00C4F80-9401-4E60-9A29-D7C809EF9940}"
EndProject
Global
	GlobalSection(SolutionConfigurationPlatforms) = preSolution
		Debug|Any CPU = Debug|Any CPU
		Release|Any CPU = Release|Any CPU
	EndGlobalSection
	GlobalSection(ProjectConfigurationPlatforms) = postSolution
		{A7794DBD-071F-4609-B800-2FC145F53DCE}.Debug|Any CPU.ActiveCfg = Debug|Any CPU
		{A7794DBD-071F-4609-B800-2FC145F53DCE}.Debug|Any CPU.Build.0 = Debug|Any CPU
		{A7794DBD-071F-4609-B800-2FC145F53DCE}.Release|Any CPU.ActiveCfg = Release|Any CPU
		{A7794DBD-071F-4609-B800-2FC145F53DCE}.Release|Any CPU.Build.0 = Release|Any CPU
		{AB45E039-600E-460A-A14F-659FB667A248}.Debug|Any CPU.ActiveCfg = Debug|Any CPU
		{AB45E039-600E-460A-A14F-659FB667A248}.Debug|Any CPU.Build.0 = Debug|Any CPU
		{AB45E039-600E-460A-A14F-659FB667A248}.Release|Any CPU.ActiveCfg = Release|Any CPU
		{AB45E039-600E-460A-A14F-659FB667A248}.Release|Any CPU.Build.0 = Release|Any CPU
		{11FD7E64-BCC5-48F5-9B8F-0C28B36FA54F}.Debug|Any CPU.ActiveCfg = Debug|Any CPU
		{11FD7E64-BCC5-48F5-9B8F-0C28B36FA54F}.Debug|Any CPU.Build.0 = Debug|Any CPU
		{11FD7E64-BCC5-48F5-9B8F-0C28B36FA54F}.Release|Any CPU.ActiveCfg = Release|Any CPU
		{11FD7E64-BCC5-48F5-9B8F-0C28B36FA54F}.Release|Any CPU.Build.0 = Release|Any CPU
		{CFA899E7-5962-43BD-8B2F-EB5C1C770E8A}.Debug|Any CPU.ActiveCfg = Debug|Any CPU
		{CFA899E7-5962-43BD-8B2F-EB5C1C770E8A}.Debug|Any CPU.Build.0 = Debug|Any CPU
		{CFA899E7-5962-43BD-8B2F-EB5C1C770E8A}.Release|Any CPU.ActiveCfg = Release|Any CPU
		{CFA899E7-5962-43BD-8B2F-EB5C1C770E8A}.Release|Any CPU.Build.0 = Release|Any CPU
		{E00C4F80-9401-4E60-9A29-D7C809EF9940}.Debug|Any CPU.ActiveCfg = Debug|Any CPU
		{E00C4F80-9401-4E60-9A29-D7C809EF9940}.Debug|Any CPU.Build.0 = Debug|Any CPU
		{E00C4F80-9401-4E60-9A29-D7C809EF9940}.Release|Any CPU.ActiveCfg = Release|Any CPU
		{E00C4F80-9401-4E60-9A29-D7C809EF9940}.Release|Any CPU.Build.0 = Release|Any CPU
	EndGlobalSection
	GlobalSection(SolutionProperties) = preSolution
		HideSolutionNode = FALSE
	EndGlobalSection
EndGlobal
